Microsoft Visual Studio Solution File, Format Version 11.00
# Visual Studio 2008

Project("{E68CFCCE-4346-DEF0-7220-5F75BC0D2F8C}") = "UnityForgeAGA", "Assembly-CSharp.csproj", "{257FF719-16BF-5B1B-9A3B-7FDF12C70BBC}"
EndProject
Project("{E68CFCCE-4346-DEF0-7220-5F75BC0D2F8C}") = "UnityForgeAGA", "Assembly-CSharp-Editor.csproj", "{61C92A28-E538-DEEE-6007-342CADB2B08D}"
EndProject
Project("{E68CFCCE-4346-DEF0-7220-5F75BC0D2F8C}") = "UnityForgeAGA", "Assembly-UnityScript.unityproj", "{6ACAF42E-B473-9205-0F58-2629F3BFD5B6}"
EndProject
Global
	GlobalSection(SolutionConfigurationPlatforms) = preSolution
		Debug|Any CPU = Debug|Any CPU
		Release|Any CPU = Release|Any CPU
	EndGlobalSection
	GlobalSection(ProjectConfigurationPlatforms) = postSolution
		{257FF719-16BF-5B1B-9A3B-7FDF12C70BBC}.Debug|Any CPU.ActiveCfg = Debug|Any CPU
		{257FF719-16BF-5B1B-9A3B-7FDF12C70BBC}.Debug|Any CPU.Build.0 = Debug|Any CPU
		{257FF719-16BF-5B1B-9A3B-7FDF12C70BBC}.Release|Any CPU.ActiveCfg = Release|Any CPU
		{257FF719-16BF-5B1B-9A3B-7FDF12C70BBC}.Release|Any CPU.Build.0 = Release|Any CPU
		{61C92A28-E538-DEEE-6007-342CADB2B08D}.Debug|Any CPU.ActiveCfg = Debug|Any CPU
		{61C92A28-E538-DEEE-6007-342CADB2B08D}.Debug|Any CPU.Build.0 = Debug|Any CPU
		{61C92A28-E538-DEEE-6007-342CADB2B08D}.Release|Any CPU.ActiveCfg = Release|Any CPU
		{61C92A28-E538-DEEE-6007-342CADB2B08D}.Release|Any CPU.Build.0 = Release|Any CPU
		{6ACAF42E-B473-9205-0F58-2629F3BFD5B6}.Debug|Any CPU.ActiveCfg = Debug|Any CPU
		{6ACAF42E-B473-9205-0F58-2629F3BFD5B6}.Debug|Any CPU.Build.0 = Debug|Any CPU
		{6ACAF42E-B473-9205-0F58-2629F3BFD5B6}.Release|Any CPU.ActiveCfg = Release|Any CPU
		{6ACAF42E-B473-9205-0F58-2629F3BFD5B6}.Release|Any CPU.Build.0 = Release|Any CPU
	EndGlobalSection
	GlobalSection(SolutionProperties) = preSolution
		HideSolutionNode = FALSE
	EndGlobalSection
																								GlobalSection(MonoDevelopProperties) = preSolution
		StartupItem = Assembly-CSharp.csproj
		Policies = $0
		$0.TextStylePolicy = $1
		$1.inheritsSet = null
		$1.scope = text/x-csharp
		$0.CSharpFormattingPolicy = $2
		$2.inheritsSet = Mono
		$2.inheritsScope = text/x-csharp
		$2.scope = text/x-csharp
		$0.TextStylePolicy = $3
		$3.FileWidth = 120
		$3.TabWidth = 4
		$3.EolMarker = Unix
		$3.inheritsSet = Mono
		$3.inheritsScope = text/plain
		$3.scope = text/plain
	EndGlobalSection

EndGlobal
